
Microsoft Visual Studio Solution File, Format Version 12.00
# Visual Studio Version 17
VisualStudioVersion = 17.7.34031.279
MinimumVisualStudioVersion = 10.0.40219.1
Project("{FAE04EC0-301F-11D3-BF4B-00C04F79EFBC}") = "SegundoProjetoCSharp", "SegundoProjetoCSharp\SegundoProjetoCSharp.csproj", "{780DD81B-1419-4A56-B89A-9AB742730803}"
EndProject
Global
	GlobalSection(SolutionConfigurationPlatforms) = preSolution
		Debug|Any CPU = Debug|Any CPU
		Release|Any CPU = Release|Any CPU
	EndGlobalSection
	GlobalSection(ProjectConfigurationPlatforms) = postSolution
		{780DD81B-1419-4A56-B89A-9AB742730803}.Debug|Any CPU.ActiveCfg = Debug|Any CPU
		{780DD81B-1419-4A56-B89A-9AB742730803}.Debug|Any CPU.Build.0 = Debug|Any CPU
		{780DD81B-1419-4A56-B89A-9AB742730803}.Release|Any CPU.ActiveCfg = Release|Any CPU
		{780DD81B-1419-4A56-B89A-9AB742730803}.Release|Any CPU.Build.0 = Release|Any CPU
	EndGlobalSection
	GlobalSection(SolutionProperties) = preSolution
		HideSolutionNode = FALSE
	EndGlobalSection
	GlobalSection(ExtensibilityGlobals) = postSolution
		SolutionGuid = {9AF2CCEC-92FE-439C-84C3-D868F3B75C50}
	EndGlobalSection
EndGlobal
